
Microsoft Visual Studio Solution File, Format Version 12.00
# Visual Studio Version 17
VisualStudioVersion = 17.12.35514.174 d17.12
MinimumVisualStudioVersion = 10.0.40219.1
Project("{FAE04EC0-301F-11D3-BF4B-00C04F79EFBC}") = "1112410002", "1112410002.csproj", "{B1133063-CD43-48A6-A6B1-9F3F7A3BA730}"
EndProject
Global
	GlobalSection(SolutionConfigurationPlatforms) = preSolution
		Debug|Any CPU = Debug|Any CPU
		Release|Any CPU = Release|Any CPU
	EndGlobalSection
	GlobalSection(ProjectConfigurationPlatforms) = postSolution
		{B1133063-CD43-48A6-A6B1-9F3F7A3BA730}.Debug|Any CPU.ActiveCfg = Debug|Any CPU
		{B1133063-CD43-48A6-A6B1-9F3F7A3BA730}.Debug|Any CPU.Build.0 = Debug|Any CPU
		{B1133063-CD43-48A6-A6B1-9F3F7A3BA730}.Release|Any CPU.ActiveCfg = Release|Any CPU
		{B1133063-CD43-48A6-A6B1-9F3F7A3BA730}.Release|Any CPU.Build.0 = Release|Any CPU
	EndGlobalSection
	GlobalSection(SolutionProperties) = preSolution
		HideSolutionNode = FALSE
	EndGlobalSection
EndGlobal
